
Microsoft Visual Studio Solution File, Format Version 12.00
# Visual Studio Version 16
VisualStudioVersion = 16.0.29613.14
MinimumVisualStudioVersion = 10.0.40219.1
Project("{FAE04EC0-301F-11D3-BF4B-00C04F79EFBC}") = "TeaAPI", "TeaAPI\TeaAPI.csproj", "{DA0A48C9-7F8C-43B2-929B-0C24AA82CA6A}"
EndProject
Global
	GlobalSection(SolutionConfigurationPlatforms) = preSolution
		Debug|Any CPU = Debug|Any CPU
		Release|Any CPU = Release|Any CPU
	EndGlobalSection
	GlobalSection(ProjectConfigurationPlatforms) = postSolution
		{DA0A48C9-7F8C-43B2-929B-0C24AA82CA6A}.Debug|Any CPU.ActiveCfg = Debug|Any CPU
		{DA0A48C9-7F8C-43B2-929B-0C24AA82CA6A}.Debug|Any CPU.Build.0 = Debug|Any CPU
		{DA0A48C9-7F8C-43B2-929B-0C24AA82CA6A}.Release|Any CPU.ActiveCfg = Release|Any CPU
		{DA0A48C9-7F8C-43B2-929B-0C24AA82CA6A}.Release|Any CPU.Build.0 = Release|Any CPU
	EndGlobalSection
	GlobalSection(SolutionProperties) = preSolution
		HideSolutionNode = FALSE
	EndGlobalSection
	GlobalSection(ExtensibilityGlobals) = postSolution
		SolutionGuid = {45818309-7352-49CD-8755-60ACD26662E2}
	EndGlobalSection
EndGlobal
